// !$*UTF8*$!
{
	archiveVersion = 1;
	classes = {
	};
	objectVersion = 55;
	objects = {

/* Begin PBXBuildFile section */
		3B68B69828F955AD009C80A2 /* utils.c in Sources */ = {isa = PBXBuildFile; fileRef = 3B68B69728F955AD009C80A2 /* utils.c */; };
		3B68B69928F9579B009C80A2 /* utils.c in Sources */ = {isa = PBXBuildFile; fileRef = 3B68B69728F955AD009C80A2 /* utils.c */; };
		3B68B69A28F9579C009C80A2 /* utils.c in Sources */ = {isa = PBXBuildFile; fileRef = 3B68B69728F955AD009C80A2 /* utils.c */; };
		3B6C1BD82913DF9A000D8A9D /* ltp305-matrix.c in Sources */ = {isa = PBXBuildFile; fileRef = 3B6C1BD72913DF9A000D8A9D /* ltp305-matrix.c */; };
		3B8566F528ED7DBA009AB974 /* main.c in Sources */ = {isa = PBXBuildFile; fileRef = 3B8566E828ED7D92009AB974 /* main.c */; };
		3B8566F628ED7E34009AB974 /* i2cdriver.c in Sources */ = {isa = PBXBuildFile; fileRef = 5A559F5F28E1CAEF00D51DF5 /* i2cdriver.c */; };
		3B8566F928ED7F00009AB974 /* ht16k33-segment.c in Sources */ = {isa = PBXBuildFile; fileRef = 3B8566F728ED7E81009AB974 /* ht16k33-segment.c */; };
		5A559F5B28E1CACB00D51DF5 /* main.c in Sources */ = {isa = PBXBuildFile; fileRef = 5A559F5928E1CACB00D51DF5 /* main.c */; };
		5A559F6228E1CAEF00D51DF5 /* i2cdriver.c in Sources */ = {isa = PBXBuildFile; fileRef = 5A559F5F28E1CAEF00D51DF5 /* i2cdriver.c */; };
		5A559F7228E1E3FD00D51DF5 /* ht16k33-matrix.c in Sources */ = {isa = PBXBuildFile; fileRef = 5A559F5E28E1CAEF00D51DF5 /* ht16k33-matrix.c */; };
		5A559F7328E1E40300D51DF5 /* i2cdriver.c in Sources */ = {isa = PBXBuildFile; fileRef = 5A559F5F28E1CAEF00D51DF5 /* i2cdriver.c */; };
		5A559F7428E1E45800D51DF5 /* main.c in Sources */ = {isa = PBXBuildFile; fileRef = 5A559F6528E1E3BC00D51DF5 /* main.c */; };
/* End PBXBuildFile section */

/* Begin PBXCopyFilesBuildPhase section */
		3B8566EC28ED7DA9009AB974 /* CopyFiles */ = {
			isa = PBXCopyFilesBuildPhase;
			buildActionMask = 2147483647;
			dstPath = /usr/share/man/man1/;
			dstSubfolderSpec = 0;
			files = (
			);
			runOnlyForDeploymentPostprocessing = 1;
		};
		5A559F4B28E1C0B200D51DF5 /* CopyFiles */ = {
			isa = PBXCopyFilesBuildPhase;
			buildActionMask = 2147483647;
			dstPath = /usr/share/man/man1/;
			dstSubfolderSpec = 0;
			files = (
			);
			runOnlyForDeploymentPostprocessing = 1;
		};
		5A559F6928E1E3E700D51DF5 /* CopyFiles */ = {
			isa = PBXCopyFilesBuildPhase;
			buildActionMask = 2147483647;
			dstPath = /usr/share/man/man1/;
			dstSubfolderSpec = 0;
			files = (
			);
			runOnlyForDeploymentPostprocessing = 1;
		};
/* End PBXCopyFilesBuildPhase section */

/* Begin PBXFileReference section */
		3B68B69628F955AD009C80A2 /* utils.h */ = {isa = PBXFileReference; fileEncoding = 4; lastKnownFileType = sourcecode.c.h; name = utils.h; path = cli2c/common/utils.h; sourceTree = SOURCE_ROOT; };
		3B68B69728F955AD009C80A2 /* utils.c */ = {isa = PBXFileReference; fileEncoding = 4; lastKnownFileType = sourcecode.c.c; name = utils.c; path = cli2c/common/utils.c; sourceTree = SOURCE_ROOT; };
		3B6C1BD62913DF9A000D8A9D /* ltp305-matrix.h */ = {isa = PBXFileReference; fileEncoding = 4; lastKnownFileType = sourcecode.c.h; name = "ltp305-matrix.h"; path = "cli2c/matrix/ltp305-matrix.h"; sourceTree = SOURCE_ROOT; };
		3B6C1BD72913DF9A000D8A9D /* ltp305-matrix.c */ = {isa = PBXFileReference; fileEncoding = 4; lastKnownFileType = sourcecode.c.c; name = "ltp305-matrix.c"; path = "cli2c/matrix/ltp305-matrix.c"; sourceTree = SOURCE_ROOT; };
		3B8566E728ED7D92009AB974 /* main.h */ = {isa = PBXFileReference; lastKnownFileType = sourcecode.c.h; name = main.h; path = cli2c/segment/main.h; sourceTree = SOURCE_ROOT; };
		3B8566E828ED7D92009AB974 /* main.c */ = {isa = PBXFileReference; lastKnownFileType = sourcecode.c.c; name = main.c; path = cli2c/segment/main.c; sourceTree = SOURCE_ROOT; };
		3B8566E928ED7D92009AB974 /* Info.plist */ = {isa = PBXFileReference; lastKnownFileType = text.plist.xml; name = Info.plist; path = cli2c/segment/Info.plist; sourceTree = SOURCE_ROOT; };
		3B8566EE28ED7DA9009AB974 /* segment */ = {isa = PBXFileReference; explicitFileType = "compiled.mach-o.executable"; includeInIndex = 0; path = segment; sourceTree = BUILT_PRODUCTS_DIR; };
		3B8566F728ED7E81009AB974 /* ht16k33-segment.c */ = {isa = PBXFileReference; lastKnownFileType = sourcecode.c.c; name = "ht16k33-segment.c"; path = "cli2c/segment/ht16k33-segment.c"; sourceTree = SOURCE_ROOT; };
		3B8566F828ED7E81009AB974 /* ht16k33-segment.h */ = {isa = PBXFileReference; lastKnownFileType = sourcecode.c.h; name = "ht16k33-segment.h"; path = "cli2c/segment/ht16k33-segment.h"; sourceTree = SOURCE_ROOT; };
		5A559F4D28E1C0B200D51DF5 /* cli2c */ = {isa = PBXFileReference; explicitFileType = "compiled.mach-o.executable"; includeInIndex = 0; path = cli2c; sourceTree = BUILT_PRODUCTS_DIR; };
		5A559F5828E1CACB00D51DF5 /* main.h */ = {isa = PBXFileReference; fileEncoding = 4; lastKnownFileType = sourcecode.c.h; name = main.h; path = cli2c/cli2c/main.h; sourceTree = SOURCE_ROOT; };
		5A559F5928E1CACB00D51DF5 /* main.c */ = {isa = PBXFileReference; fileEncoding = 4; lastKnownFileType = sourcecode.c.c; name = main.c; path = cli2c/cli2c/main.c; sourceTree = SOURCE_ROOT; };
		5A559F5A28E1CACB00D51DF5 /* Info.plist */ = {isa = PBXFileReference; fileEncoding = 4; lastKnownFileType = text.plist.xml; name = Info.plist; path = cli2c/cli2c/Info.plist; sourceTree = SOURCE_ROOT; };
		5A559F5D28E1CAEF00D51DF5 /* i2cdriver.h */ = {isa = PBXFileReference; fileEncoding = 4; lastKnownFileType = sourcecode.c.h; name = i2cdriver.h; path = cli2c/common/i2cdriver.h; sourceTree = SOURCE_ROOT; };
		5A559F5E28E1CAEF00D51DF5 /* ht16k33-matrix.c */ = {isa = PBXFileReference; fileEncoding = 4; lastKnownFileType = sourcecode.c.c; name = "ht16k33-matrix.c"; path = "cli2c/matrix/ht16k33-matrix.c"; sourceTree = SOURCE_ROOT; };
		5A559F5F28E1CAEF00D51DF5 /* i2cdriver.c */ = {isa = PBXFileReference; fileEncoding = 4; lastKnownFileType = sourcecode.c.c; name = i2cdriver.c; path = cli2c/common/i2cdriver.c; sourceTree = SOURCE_ROOT; usesTabs = 0; };
		5A559F6028E1CAEF00D51DF5 /* ht16k33-matrix.h */ = {isa = PBXFileReference; fileEncoding = 4; lastKnownFileType = sourcecode.c.h; name = "ht16k33-matrix.h"; path = "cli2c/matrix/ht16k33-matrix.h"; sourceTree = SOURCE_ROOT; };
		5A559F6428E1E3BC00D51DF5 /* main.h */ = {isa = PBXFileReference; lastKnownFileType = sourcecode.c.h; name = main.h; path = cli2c/matrix/main.h; sourceTree = SOURCE_ROOT; };
		5A559F6528E1E3BC00D51DF5 /* main.c */ = {isa = PBXFileReference; lastKnownFileType = sourcecode.c.c; name = main.c; path = cli2c/matrix/main.c; sourceTree = SOURCE_ROOT; };
		5A559F6628E1E3BC00D51DF5 /* Info.plist */ = {isa = PBXFileReference; lastKnownFileType = text.plist.xml; name = Info.plist; path = cli2c/matrix/Info.plist; sourceTree = SOURCE_ROOT; };
		5A559F6B28E1E3E700D51DF5 /* matrix */ = {isa = PBXFileReference; explicitFileType = "compiled.mach-o.executable"; includeInIndex = 0; path = matrix; sourceTree = BUILT_PRODUCTS_DIR; };
/* End PBXFileReference section */

/* Begin PBXFrameworksBuildPhase section */
		3B8566EB28ED7DA9009AB974 /* Frameworks */ = {
			isa = PBXFrameworksBuildPhase;
			buildActionMask = 2147483647;
			files = (
			);
			runOnlyForDeploymentPostprocessing = 0;
		};
		5A559F4A28E1C0B200D51DF5 /* Frameworks */ = {
			isa = PBXFrameworksBuildPhase;
			buildActionMask = 2147483647;
			files = (
			);
			runOnlyForDeploymentPostprocessing = 0;
		};
		5A559F6828E1E3E700D51DF5 /* Frameworks */ = {
			isa = PBXFrameworksBuildPhase;
			buildActionMask = 2147483647;
			files = (
			);
			runOnlyForDeploymentPostprocessing = 0;
		};
/* End PBXFrameworksBuildPhase section */

/* Begin PBXGroup section */
		3B8566E628ED7D92009AB974 /* segment */ = {
			isa = PBXGroup;
			children = (
				3B8566E728ED7D92009AB974 /* main.h */,
				3B8566E828ED7D92009AB974 /* main.c */,
				3B8566F828ED7E81009AB974 /* ht16k33-segment.h */,
				3B8566F728ED7E81009AB974 /* ht16k33-segment.c */,
				3B8566E928ED7D92009AB974 /* Info.plist */,
			);
			name = segment;
			path = cli2c/segment;
			sourceTree = "<group>";
		};
		5A559F4428E1C0B200D51DF5 = {
			isa = PBXGroup;
			children = (
				5A559F5C28E1CAEF00D51DF5 /* common */,
				5A559F5728E1CACB00D51DF5 /* cli2c */,
				3B8566E628ED7D92009AB974 /* segment */,
				5A559F6328E1E3BC00D51DF5 /* matrix */,
				5A559F4E28E1C0B200D51DF5 /* Products */,
			);
			sourceTree = "<group>";
		};
		5A559F4E28E1C0B200D51DF5 /* Products */ = {
			isa = PBXGroup;
			children = (
				5A559F4D28E1C0B200D51DF5 /* cli2c */,
				5A559F6B28E1E3E700D51DF5 /* matrix */,
				3B8566EE28ED7DA9009AB974 /* segment */,
			);
			name = Products;
			sourceTree = "<group>";
		};
		5A559F5728E1CACB00D51DF5 /* cli2c */ = {
			isa = PBXGroup;
			children = (
				5A559F5828E1CACB00D51DF5 /* main.h */,
				5A559F5928E1CACB00D51DF5 /* main.c */,
				5A559F5A28E1CACB00D51DF5 /* Info.plist */,
			);
			name = cli2c;
			path = cli2c/cli2c;
			sourceTree = "<group>";
		};
		5A559F5C28E1CAEF00D51DF5 /* common */ = {
			isa = PBXGroup;
			children = (
				5A559F5D28E1CAEF00D51DF5 /* i2cdriver.h */,
				5A559F5F28E1CAEF00D51DF5 /* i2cdriver.c */,
				3B68B69628F955AD009C80A2 /* utils.h */,
				3B68B69728F955AD009C80A2 /* utils.c */,
			);
			name = common;
			path = cli2c/common;
			sourceTree = "<group>";
		};
		5A559F6328E1E3BC00D51DF5 /* matrix */ = {
			isa = PBXGroup;
			children = (
				5A559F6428E1E3BC00D51DF5 /* main.h */,
				5A559F6528E1E3BC00D51DF5 /* main.c */,
				5A559F6028E1CAEF00D51DF5 /* ht16k33-matrix.h */,
				5A559F5E28E1CAEF00D51DF5 /* ht16k33-matrix.c */,
				3B6C1BD62913DF9A000D8A9D /* ltp305-matrix.h */,
				3B6C1BD72913DF9A000D8A9D /* ltp305-matrix.c */,
				5A559F6628E1E3BC00D51DF5 /* Info.plist */,
			);
			name = matrix;
			path = cli2c/matrix;
			sourceTree = "<group>";
		};
/* End PBXGroup section */

/* Begin PBXNativeTarget section */
		3B8566ED28ED7DA9009AB974 /* segment */ = {
			isa = PBXNativeTarget;
			buildConfigurationList = 3B8566F228ED7DA9009AB974 /* Build configuration list for PBXNativeTarget "segment" */;
			buildPhases = (
				3B8566EA28ED7DA9009AB974 /* Sources */,
				3B8566EB28ED7DA9009AB974 /* Frameworks */,
				3B8566EC28ED7DA9009AB974 /* CopyFiles */,
			);
			buildRules = (
			);
			dependencies = (
			);
			name = segment;
			productName = segment;
			productReference = 3B8566EE28ED7DA9009AB974 /* segment */;
			productType = "com.apple.product-type.tool";
		};
		5A559F4C28E1C0B200D51DF5 /* cli2c */ = {
			isa = PBXNativeTarget;
			buildConfigurationList = 5A559F5428E1C0B200D51DF5 /* Build configuration list for PBXNativeTarget "cli2c" */;
			buildPhases = (
				5A559F4928E1C0B200D51DF5 /* Sources */,
				5A559F4A28E1C0B200D51DF5 /* Frameworks */,
				5A559F4B28E1C0B200D51DF5 /* CopyFiles */,
			);
			buildRules = (
			);
			dependencies = (
			);
			name = cli2c;
			productName = cli2c;
			productReference = 5A559F4D28E1C0B200D51DF5 /* cli2c */;
			productType = "com.apple.product-type.tool";
		};
		5A559F6A28E1E3E700D51DF5 /* matrix */ = {
			isa = PBXNativeTarget;
			buildConfigurationList = 5A559F6F28E1E3E700D51DF5 /* Build configuration list for PBXNativeTarget "matrix" */;
			buildPhases = (
				5A559F6728E1E3E700D51DF5 /* Sources */,
				5A559F6828E1E3E700D51DF5 /* Frameworks */,
				5A559F6928E1E3E700D51DF5 /* CopyFiles */,
			);
			buildRules = (
			);
			dependencies = (
			);
			name = matrix;
			productName = matrix;
			productReference = 5A559F6B28E1E3E700D51DF5 /* matrix */;
			productType = "com.apple.product-type.tool";
		};
/* End PBXNativeTarget section */

/* Begin PBXProject section */
		5A559F4528E1C0B200D51DF5 /* Project object */ = {
			isa = PBXProject;
			attributes = {
				BuildIndependentTargetsInParallel = 1;
				LastUpgradeCheck = 1400;
				TargetAttributes = {
					3B8566ED28ED7DA9009AB974 = {
						CreatedOnToolsVersion = 14.0.1;
					};
					5A559F4C28E1C0B200D51DF5 = {
						CreatedOnToolsVersion = 13.4.1;
					};
					5A559F6A28E1E3E700D51DF5 = {
						CreatedOnToolsVersion = 13.4.1;
					};
				};
			};
			buildConfigurationList = 5A559F4828E1C0B200D51DF5 /* Build configuration list for PBXProject "cli2c" */;
			compatibilityVersion = "Xcode 13.0";
			developmentRegion = en;
			hasScannedForEncodings = 0;
			knownRegions = (
				en,
				Base,
			);
			mainGroup = 5A559F4428E1C0B200D51DF5;
			productRefGroup = 5A559F4E28E1C0B200D51DF5 /* Products */;
			projectDirPath = "";
			projectRoot = "";
			targets = (
				5A559F4C28E1C0B200D51DF5 /* cli2c */,
				5A559F6A28E1E3E700D51DF5 /* matrix */,
				3B8566ED28ED7DA9009AB974 /* segment */,
			);
		};
/* End PBXProject section */

/* Begin PBXSourcesBuildPhase section */
		3B8566EA28ED7DA9009AB974 /* Sources */ = {
			isa = PBXSourcesBuildPhase;
			buildActionMask = 2147483647;
			files = (
				3B8566F528ED7DBA009AB974 /* main.c in Sources */,
				3B68B69A28F9579C009C80A2 /* utils.c in Sources */,
				3B8566F628ED7E34009AB974 /* i2cdriver.c in Sources */,
				3B8566F928ED7F00009AB974 /* ht16k33-segment.c in Sources */,
			);
			runOnlyForDeploymentPostprocessing = 0;
		};
		5A559F4928E1C0B200D51DF5 /* Sources */ = {
			isa = PBXSourcesBuildPhase;
			buildActionMask = 2147483647;
			files = (
				3B68B69828F955AD009C80A2 /* utils.c in Sources */,
				5A559F5B28E1CACB00D51DF5 /* main.c in Sources */,
				5A559F6228E1CAEF00D51DF5 /* i2cdriver.c in Sources */,
			);
			runOnlyForDeploymentPostprocessing = 0;
		};
		5A559F6728E1E3E700D51DF5 /* Sources */ = {
			isa = PBXSourcesBuildPhase;
			buildActionMask = 2147483647;
			files = (
				5A559F7428E1E45800D51DF5 /* main.c in Sources */,
				3B6C1BD82913DF9A000D8A9D /* ltp305-matrix.c in Sources */,
				3B68B69928F9579B009C80A2 /* utils.c in Sources */,
				5A559F7328E1E40300D51DF5 /* i2cdriver.c in Sources */,
				5A559F7228E1E3FD00D51DF5 /* ht16k33-matrix.c in Sources */,
			);
			runOnlyForDeploymentPostprocessing = 0;
		};
/* End PBXSourcesBuildPhase section */

/* Begin XCBuildConfiguration section */
		3B8566F328ED7DA9009AB974 /* Debug */ = {
			isa = XCBuildConfiguration;
			buildSettings = {
				APP_VERSION = "$(MARKETING_VERSION)";
				CLANG_CXX_LANGUAGE_STANDARD = "gnu++20";
				CLANG_WARN_DOCUMENTATION_COMMENTS = NO;
				CODE_SIGN_IDENTITY = "Developer ID Application";
				CODE_SIGN_STYLE = Manual;
				CREATE_INFOPLIST_SECTION_IN_BINARY = YES;
				CURRENT_PROJECT_VERSION = 34;
				DEVELOPMENT_TEAM = Y5J3K52DNA;
				DSTROOT = build/pkgroot;
				ENABLE_HARDENED_RUNTIME = YES;
				GCC_PREPROCESSOR_DEFINITIONS = (
					"DEBUG=1",
					"APP_VERSION=\\\"$(MARKETING_VERSION)\\\"",
				);
				GCC_WARN_UNUSED_FUNCTION = NO;
				INFOPLIST_FILE = "$(SRCROOT)/cli2c/segment/Info.plist";
				MACOSX_DEPLOYMENT_TARGET = 11.0;
				MARKETING_VERSION = 1.2.0;
				PRODUCT_BUNDLE_IDENTIFIER = com.bps.segment;
				PRODUCT_NAME = "$(TARGET_NAME)";
			};
			name = Debug;
		};
		3B8566F428ED7DA9009AB974 /* Release */ = {
			isa = XCBuildConfiguration;
			buildSettings = {
				APP_VERSION = "$(MARKETING_VERSION)";
				CLANG_CXX_LANGUAGE_STANDARD = "gnu++20";
				CLANG_WARN_DOCUMENTATION_COMMENTS = NO;
				CODE_SIGN_IDENTITY = "Developer ID Application";
				CODE_SIGN_STYLE = Manual;
				CREATE_INFOPLIST_SECTION_IN_BINARY = YES;
				CURRENT_PROJECT_VERSION = 34;
				DEVELOPMENT_TEAM = Y5J3K52DNA;
				DSTROOT = build/pkgroot;
				ENABLE_HARDENED_RUNTIME = YES;
				GCC_PREPROCESSOR_DEFINITIONS = "APP_VERSION=\\\"$(MARKETING_VERSION)\\\"";
				GCC_WARN_UNUSED_FUNCTION = NO;
				INFOPLIST_FILE = "$(SRCROOT)/cli2c/segment/Info.plist";
				MACOSX_DEPLOYMENT_TARGET = 11.0;
				MARKETING_VERSION = 1.2.0;
				PRODUCT_BUNDLE_IDENTIFIER = com.bps.segment;
				PRODUCT_NAME = "$(TARGET_NAME)";
			};
			name = Release;
		};
		5A559F5228E1C0B200D51DF5 /* Debug */ = {
			isa = XCBuildConfiguration;
			buildSettings = {
				ALWAYS_SEARCH_USER_PATHS = NO;
				CLANG_ANALYZER_NONNULL = YES;
				CLANG_ANALYZER_NUMBER_OBJECT_CONVERSION = YES_AGGRESSIVE;
				CLANG_CXX_LANGUAGE_STANDARD = "gnu++17";
				CLANG_ENABLE_MODULES = YES;
				CLANG_ENABLE_OBJC_ARC = YES;
				CLANG_ENABLE_OBJC_WEAK = YES;
				CLANG_WARN_BLOCK_CAPTURE_AUTORELEASING = YES;
				CLANG_WARN_BOOL_CONVERSION = YES;
				CLANG_WARN_COMMA = YES;
				CLANG_WARN_CONSTANT_CONVERSION = YES;
				CLANG_WARN_DEPRECATED_OBJC_IMPLEMENTATIONS = YES;
				CLANG_WARN_DIRECT_OBJC_ISA_USAGE = YES_ERROR;
				CLANG_WARN_DOCUMENTATION_COMMENTS = YES;
				CLANG_WARN_EMPTY_BODY = YES;
				CLANG_WARN_ENUM_CONVERSION = YES;
				CLANG_WARN_INFINITE_RECURSION = YES;
				CLANG_WARN_INT_CONVERSION = YES;
				CLANG_WARN_NON_LITERAL_NULL_CONVERSION = YES;
				CLANG_WARN_OBJC_IMPLICIT_RETAIN_SELF = YES;
				CLANG_WARN_OBJC_LITERAL_CONVERSION = YES;
				CLANG_WARN_OBJC_ROOT_CLASS = YES_ERROR;
				CLANG_WARN_QUOTED_INCLUDE_IN_FRAMEWORK_HEADER = YES;
				CLANG_WARN_RANGE_LOOP_ANALYSIS = YES;
				CLANG_WARN_STRICT_PROTOTYPES = YES;
				CLANG_WARN_SUSPICIOUS_MOVE = YES;
				CLANG_WARN_UNGUARDED_AVAILABILITY = YES_AGGRESSIVE;
				CLANG_WARN_UNREACHABLE_CODE = YES;
				CLANG_WARN__DUPLICATE_METHOD_MATCH = YES;
				COPY_PHASE_STRIP = NO;
				DEAD_CODE_STRIPPING = YES;
				DEBUG_INFORMATION_FORMAT = dwarf;
				ENABLE_STRICT_OBJC_MSGSEND = YES;
				ENABLE_TESTABILITY = YES;
				GCC_C_LANGUAGE_STANDARD = gnu11;
				GCC_DYNAMIC_NO_PIC = NO;
				GCC_NO_COMMON_BLOCKS = YES;
				GCC_OPTIMIZATION_LEVEL = 0;
				GCC_PREPROCESSOR_DEFINITIONS = (
					"DEBUG=1",
					"$(inherited)",
				);
				GCC_WARN_64_TO_32_BIT_CONVERSION = YES;
				GCC_WARN_ABOUT_RETURN_TYPE = YES_ERROR;
				GCC_WARN_UNDECLARED_SELECTOR = YES;
				GCC_WARN_UNINITIALIZED_AUTOS = YES_AGGRESSIVE;
				GCC_WARN_UNUSED_FUNCTION = YES;
				GCC_WARN_UNUSED_VARIABLE = YES;
				MACOSX_DEPLOYMENT_TARGET = 11.0;
				MTL_ENABLE_DEBUG_INFO = INCLUDE_SOURCE;
				MTL_FAST_MATH = YES;
				ONLY_ACTIVE_ARCH = YES;
				SDKROOT = macosx;
			};
			name = Debug;
		};
		5A559F5328E1C0B200D51DF5 /* Release */ = {
			isa = XCBuildConfiguration;
			buildSettings = {
				ALWAYS_SEARCH_USER_PATHS = NO;
				CLANG_ANALYZER_NONNULL = YES;
				CLANG_ANALYZER_NUMBER_OBJECT_CONVERSION = YES_AGGRESSIVE;
				CLANG_CXX_LANGUAGE_STANDARD = "gnu++17";
				CLANG_ENABLE_MODULES = YES;
				CLANG_ENABLE_OBJC_ARC = YES;
				CLANG_ENABLE_OBJC_WEAK = YES;
				CLANG_WARN_BLOCK_CAPTURE_AUTORELEASING = YES;
				CLANG_WARN_BOOL_CONVERSION = YES;
				CLANG_WARN_COMMA = YES;
				CLANG_WARN_CONSTANT_CONVERSION = YES;
				CLANG_WARN_DEPRECATED_OBJC_IMPLEMENTATIONS = YES;
				CLANG_WARN_DIRECT_OBJC_ISA_USAGE = YES_ERROR;
				CLANG_WARN_DOCUMENTATION_COMMENTS = YES;
				CLANG_WARN_EMPTY_BODY = YES;
				CLANG_WARN_ENUM_CONVERSION = YES;
				CLANG_WARN_INFINITE_RECURSION = YES;
				CLANG_WARN_INT_CONVERSION = YES;
				CLANG_WARN_NON_LITERAL_NULL_CONVERSION = YES;
				CLANG_WARN_OBJC_IMPLICIT_RETAIN_SELF = YES;
				CLANG_WARN_OBJC_LITERAL_CONVERSION = YES;
				CLANG_WARN_OBJC_ROOT_CLASS = YES_ERROR;
				CLANG_WARN_QUOTED_INCLUDE_IN_FRAMEWORK_HEADER = YES;
				CLANG_WARN_RANGE_LOOP_ANALYSIS = YES;
				CLANG_WARN_STRICT_PROTOTYPES = YES;
				CLANG_WARN_SUSPICIOUS_MOVE = YES;
				CLANG_WARN_UNGUARDED_AVAILABILITY = YES_AGGRESSIVE;
				CLANG_WARN_UNREACHABLE_CODE = YES;
				CLANG_WARN__DUPLICATE_METHOD_MATCH = YES;
				COPY_PHASE_STRIP = NO;
				DEAD_CODE_STRIPPING = YES;
				DEBUG_INFORMATION_FORMAT = "dwarf-with-dsym";
				ENABLE_NS_ASSERTIONS = NO;
				ENABLE_STRICT_OBJC_MSGSEND = YES;
				GCC_C_LANGUAGE_STANDARD = gnu11;
				GCC_NO_COMMON_BLOCKS = YES;
				GCC_WARN_64_TO_32_BIT_CONVERSION = YES;
				GCC_WARN_ABOUT_RETURN_TYPE = YES_ERROR;
				GCC_WARN_UNDECLARED_SELECTOR = YES;
				GCC_WARN_UNINITIALIZED_AUTOS = YES_AGGRESSIVE;
				GCC_WARN_UNUSED_FUNCTION = YES;
				GCC_WARN_UNUSED_VARIABLE = YES;
				MACOSX_DEPLOYMENT_TARGET = 11.0;
				MTL_ENABLE_DEBUG_INFO = NO;
				MTL_FAST_MATH = YES;
				SDKROOT = macosx;
			};
			name = Release;
		};
		5A559F5528E1C0B200D51DF5 /* Debug */ = {
			isa = XCBuildConfiguration;
			buildSettings = {
				CLANG_WARN_DOCUMENTATION_COMMENTS = NO;
				CODE_SIGN_IDENTITY = "Developer ID Application";
				"CODE_SIGN_IDENTITY[sdk=macosx*]" = "Developer ID Application";
				CODE_SIGN_STYLE = Manual;
				CREATE_INFOPLIST_SECTION_IN_BINARY = YES;
				CURRENT_PROJECT_VERSION = 34;
				DEAD_CODE_STRIPPING = YES;
				DEVELOPMENT_TEAM = Y5J3K52DNA;
				DSTROOT = build/pkgroot;
				ENABLE_HARDENED_RUNTIME = YES;
				GCC_PREPROCESSOR_DEFINITIONS = (
					"APP_VERSION=\\\"$(MARKETING_VERSION)\\\"",
					"$(inherited)",
				);
				GCC_WARN_UNUSED_FUNCTION = NO;
				INFOPLIST_FILE = "$(SRCROOT)/cli2c/cli2c/Info.plist";
				MACOSX_DEPLOYMENT_TARGET = 11.0;
				MARKETING_VERSION = 1.2.0;
				PRODUCT_BUNDLE_IDENTIFIER = com.bps.cli2c;
				PRODUCT_NAME = "$(TARGET_NAME)";
				PROVISIONING_PROFILE_SPECIFIER = "";
			};
			name = Debug;
		};
		5A559F5628E1C0B200D51DF5 /* Release */ = {
			isa = XCBuildConfiguration;
			buildSettings = {
				CLANG_WARN_DOCUMENTATION_COMMENTS = NO;
				CODE_SIGN_IDENTITY = "Developer ID Application";
				"CODE_SIGN_IDENTITY[sdk=macosx*]" = "Developer ID Application";
				CODE_SIGN_STYLE = Manual;
				CREATE_INFOPLIST_SECTION_IN_BINARY = YES;
				CURRENT_PROJECT_VERSION = 34;
				DEAD_CODE_STRIPPING = YES;
				DEVELOPMENT_TEAM = Y5J3K52DNA;
				DSTROOT = build/pkgroot;
				ENABLE_HARDENED_RUNTIME = YES;
				GCC_PREPROCESSOR_DEFINITIONS = "APP_VERSION=\\\"$(MARKETING_VERSION)\\\"";
				GCC_WARN_UNUSED_FUNCTION = NO;
				INFOPLIST_FILE = "$(SRCROOT)/cli2c/cli2c/Info.plist";
				MACOSX_DEPLOYMENT_TARGET = 11.0;
				MARKETING_VERSION = 1.2.0;
				PRODUCT_BUNDLE_IDENTIFIER = com.bps.cli2c;
				PRODUCT_NAME = "$(TARGET_NAME)";
				PROVISIONING_PROFILE_SPECIFIER = "";
			};
			name = Release;
		};
		5A559F7028E1E3E700D51DF5 /* Debug */ = {
			isa = XCBuildConfiguration;
			buildSettings = {
				CLANG_WARN_DOCUMENTATION_COMMENTS = NO;
				CODE_SIGN_IDENTITY = "Developer ID Application";
				CODE_SIGN_STYLE = Manual;
				CREATE_INFOPLIST_SECTION_IN_BINARY = YES;
				CURRENT_PROJECT_VERSION = 34;
				DEAD_CODE_STRIPPING = YES;
				DEVELOPMENT_TEAM = Y5J3K52DNA;
				DSTROOT = build/pkgroot;
				ENABLE_HARDENED_RUNTIME = YES;
				GCC_PREPROCESSOR_DEFINITIONS = (
					"DEBUG=1",
					"APP_VERSION=\\\"$(MARKETING_VERSION)\\\"",
				);
				GCC_WARN_UNUSED_FUNCTION = NO;
				INFOPLIST_FILE = "$(SRCROOT)/cli2c/matrix/Info.plist";
				MACOSX_DEPLOYMENT_TARGET = 11.0;
				MARKETING_VERSION = 1.2.0;
				PRODUCT_BUNDLE_IDENTIFIER = com.bps.matrix;
				PRODUCT_NAME = "$(TARGET_NAME)";
				PROVISIONING_PROFILE_SPECIFIER = "";
			};
			name = Debug;
		};
		5A559F7128E1E3E700D51DF5 /* Release */ = {
			isa = XCBuildConfiguration;
			buildSettings = {
				CLANG_WARN_DOCUMENTATION_COMMENTS = NO;
				CODE_SIGN_IDENTITY = "Developer ID Application";
				CODE_SIGN_STYLE = Manual;
				CREATE_INFOPLIST_SECTION_IN_BINARY = YES;
				CURRENT_PROJECT_VERSION = 34;
				DEAD_CODE_STRIPPING = YES;
				DEVELOPMENT_TEAM = Y5J3K52DNA;
				DSTROOT = build/pkgroot;
				ENABLE_HARDENED_RUNTIME = YES;
				GCC_PREPROCESSOR_DEFINITIONS = "APP_VERSION=\\\"$(MARKETING_VERSION)\\\"";
				GCC_WARN_UNUSED_FUNCTION = NO;
				INFOPLIST_FILE = "$(SRCROOT)/cli2c/matrix/Info.plist";
				MACOSX_DEPLOYMENT_TARGET = 11.0;
				MARKETING_VERSION = 1.2.0;
				PRODUCT_BUNDLE_IDENTIFIER = com.bps.matrix;
				PRODUCT_NAME = "$(TARGET_NAME)";
				PROVISIONING_PROFILE_SPECIFIER = "";
			};
			name = Release;
		};
/* End XCBuildConfiguration section */

/* Begin XCConfigurationList section */
		3B8566F228ED7DA9009AB974 /* Build configuration list for PBXNativeTarget "segment" */ = {
			isa = XCConfigurationList;
			buildConfigurations = (
				3B8566F328ED7DA9009AB974 /* Debug */,
				3B8566F428ED7DA9009AB974 /* Release */,
			);
			defaultConfigurationIsVisible = 0;
			defaultConfigurationName = Release;
		};
		5A559F4828E1C0B200D51DF5 /* Build configuration list for PBXProject "cli2c" */ = {
			isa = XCConfigurationList;
			buildConfigurations = (
				5A559F5228E1C0B200D51DF5 /* Debug */,
				5A559F5328E1C0B200D51DF5 /* Release */,
			);
			defaultConfigurationIsVisible = 0;
			defaultConfigurationName = Release;
		};
		5A559F5428E1C0B200D51DF5 /* Build configuration list for PBXNativeTarget "cli2c" */ = {
			isa = XCConfigurationList;
			buildConfigurations = (
				5A559F5528E1C0B200D51DF5 /* Debug */,
				5A559F5628E1C0B200D51DF5 /* Release */,
			);
			defaultConfigurationIsVisible = 0;
			defaultConfigurationName = Release;
		};
		5A559F6F28E1E3E700D51DF5 /* Build configuration list for PBXNativeTarget "matrix" */ = {
			isa = XCConfigurationList;
			buildConfigurations = (
				5A559F7028E1E3E700D51DF5 /* Debug */,
				5A559F7128E1E3E700D51DF5 /* Release */,
			);
			defaultConfigurationIsVisible = 0;
			defaultConfigurationName = Release;
		};
/* End XCConfigurationList section */
	};
	rootObject = 5A559F4528E1C0B200D51DF5 /* Project object */;
}
